Microsoft Visual Studio Solution File, Format Version 11.00
# Visual Studio 2008

Project("{90827AB6-4D34-0AE7-0225-D2CD9B0EE7C1}") = "1-19-2016 Morning Exercise", "Assembly-CSharp.csproj", "{7594DA7F-69EF-6C0B-AFBE-ACF80F6105C1}"
EndProject
Global
	GlobalSection(SolutionConfigurationPlatforms) = preSolution
		Debug|Any CPU = Debug|Any CPU
		Release|Any CPU = Release|Any CPU
	EndGlobalSection
	GlobalSection(ProjectConfigurationPlatforms) = postSolution
		{7594DA7F-69EF-6C0B-AFBE-ACF80F6105C1}.Debug|Any CPU.ActiveCfg = Debug|Any CPU
		{7594DA7F-69EF-6C0B-AFBE-ACF80F6105C1}.Debug|Any CPU.Build.0 = Debug|Any CPU
		{7594DA7F-69EF-6C0B-AFBE-ACF80F6105C1}.Release|Any CPU.ActiveCfg = Release|Any CPU
		{7594DA7F-69EF-6C0B-AFBE-ACF80F6105C1}.Release|Any CPU.Build.0 = Release|Any CPU
	EndGlobalSection
	GlobalSection(SolutionProperties) = preSolution
		HideSolutionNode = FALSE
	EndGlobalSection
	GlobalSection(MonoDevelopProperties) = preSolution
		StartupItem = Assembly-CSharp.csproj
	EndGlobalSection
EndGlobal
